
Microsoft Visual Studio Solution File, Format Version 12.00
# Visual Studio Version 16
VisualStudioVersion = 16.0.29306.81
MinimumVisualStudioVersion = 10.0.40219.1
Project("{FAE04EC0-301F-11D3-BF4B-00C04F79EFBC}") = "lib3", "lib3\lib3.csproj", "{B494FF1C-DD9D-451A-B73A-335BBBBEBE44}"
EndProject
Global
	GlobalSection(SolutionConfigurationPlatforms) = preSolution
		Debug|Any CPU = Debug|Any CPU
		Release|Any CPU = Release|Any CPU
	EndGlobalSection
	GlobalSection(ProjectConfigurationPlatforms) = postSolution
		{B494FF1C-DD9D-451A-B73A-335BBBBEBE44}.Debug|Any CPU.ActiveCfg = Debug|Any CPU
		{B494FF1C-DD9D-451A-B73A-335BBBBEBE44}.Debug|Any CPU.Build.0 = Debug|Any CPU
		{B494FF1C-DD9D-451A-B73A-335BBBBEBE44}.Release|Any CPU.ActiveCfg = Release|Any CPU
		{B494FF1C-DD9D-451A-B73A-335BBBBEBE44}.Release|Any CPU.Build.0 = Release|Any CPU
	EndGlobalSection
	GlobalSection(SolutionProperties) = preSolution
		HideSolutionNode = FALSE
	EndGlobalSection
	GlobalSection(ExtensibilityGlobals) = postSolution
		SolutionGuid = {83C48342-C294-4FF0-846B-B0DB6CDCE12F}
	EndGlobalSection
EndGlobal
