
Microsoft Visual Studio Solution File, Format Version 12.00
# Visual Studio Version 16
VisualStudioVersion = 16.0.29306.81
MinimumVisualStudioVersion = 10.0.40219.1
Project("{FAE04EC0-301F-11D3-BF4B-00C04F79EFBC}") = "ConsoleApp2", "ConsoleApp2\ConsoleApp2.csproj", "{4859F14E-5838-49C4-B959-C1673DB008ED}"
EndProject
Global
	GlobalSection(SolutionConfigurationPlatforms) = preSolution
		Debug|Any CPU = Debug|Any CPU
		Release|Any CPU = Release|Any CPU
	EndGlobalSection
	GlobalSection(ProjectConfigurationPlatforms) = postSolution
		{4859F14E-5838-49C4-B959-C1673DB008ED}.Debug|Any CPU.ActiveCfg = Debug|Any CPU
		{4859F14E-5838-49C4-B959-C1673DB008ED}.Debug|Any CPU.Build.0 = Debug|Any CPU
		{4859F14E-5838-49C4-B959-C1673DB008ED}.Release|Any CPU.ActiveCfg = Release|Any CPU
		{4859F14E-5838-49C4-B959-C1673DB008ED}.Release|Any CPU.Build.0 = Release|Any CPU
	EndGlobalSection
	GlobalSection(SolutionProperties) = preSolution
		HideSolutionNode = FALSE
	EndGlobalSection
	GlobalSection(ExtensibilityGlobals) = postSolution
		SolutionGuid = {EB74FDA9-F021-423B-AEB5-C640F902E2B4}
	EndGlobalSection
EndGlobal
