
Microsoft Visual Studio Solution File, Format Version 12.00
# Visual Studio Version 16
VisualStudioVersion = 16.0.29306.81
MinimumVisualStudioVersion = 10.0.40219.1
Project("{FAE04EC0-301F-11D3-BF4B-00C04F79EFBC}") = "lsum", "lsum\lsum.csproj", "{EF4B0E45-6498-4073-953D-BF83E0C5FDA0}"
EndProject
Global
	GlobalSection(SolutionConfigurationPlatforms) = preSolution
		Debug|Any CPU = Debug|Any CPU
		Release|Any CPU = Release|Any CPU
	EndGlobalSection
	GlobalSection(ProjectConfigurationPlatforms) = postSolution
		{EF4B0E45-6498-4073-953D-BF83E0C5FDA0}.Debug|Any CPU.ActiveCfg = Debug|Any CPU
		{EF4B0E45-6498-4073-953D-BF83E0C5FDA0}.Debug|Any CPU.Build.0 = Debug|Any CPU
		{EF4B0E45-6498-4073-953D-BF83E0C5FDA0}.Release|Any CPU.ActiveCfg = Release|Any CPU
		{EF4B0E45-6498-4073-953D-BF83E0C5FDA0}.Release|Any CPU.Build.0 = Release|Any CPU
	EndGlobalSection
	GlobalSection(SolutionProperties) = preSolution
		HideSolutionNode = FALSE
	EndGlobalSection
	GlobalSection(ExtensibilityGlobals) = postSolution
		SolutionGuid = {8D745E1A-A6FE-4A08-AA55-4812631A0B35}
	EndGlobalSection
EndGlobal
